
Microsoft Visual Studio Solution File, Format Version 12.00
# Visual Studio Version 17
VisualStudioVersion = 17.10.35013.160
MinimumVisualStudioVersion = 10.0.40219.1
Project("{FAE04EC0-301F-11D3-BF4B-00C04F79EFBC}") = "CourseNest", "CourseNest.csproj", "{CB97F00B-9B6D-4774-B064-6DCF7614B2ED}"
EndProject
Global
	GlobalSection(SolutionConfigurationPlatforms) = preSolution
		Debug|Any CPU = Debug|Any CPU
		Release|Any CPU = Release|Any CPU
	EndGlobalSection
	GlobalSection(ProjectConfigurationPlatforms) = postSolution
		{CB97F00B-9B6D-4774-B064-6DCF7614B2ED}.Debug|Any CPU.ActiveCfg = Debug|Any CPU
		{CB97F00B-9B6D-4774-B064-6DCF7614B2ED}.Debug|Any CPU.Build.0 = Debug|Any CPU
		{CB97F00B-9B6D-4774-B064-6DCF7614B2ED}.Release|Any CPU.ActiveCfg = Release|Any CPU
		{CB97F00B-9B6D-4774-B064-6DCF7614B2ED}.Release|Any CPU.Build.0 = Release|Any CPU
	EndGlobalSection
	GlobalSection(SolutionProperties) = preSolution
		HideSolutionNode = FALSE
	EndGlobalSection
	GlobalSection(ExtensibilityGlobals) = postSolution
		SolutionGuid = {36E136AE-0A6A-4CC2-B05F-D97D4DA02E1C}
	EndGlobalSection
EndGlobal
